
Microsoft Visual Studio Solution File, Format Version 12.00
# Visual Studio Version 17
VisualStudioVersion = 17.8.34330.188
MinimumVisualStudioVersion = 10.0.40219.1
Project("{FAE04EC0-301F-11D3-BF4B-00C04F79EFBC}") = "MyStore", "MyStore\MyStore.csproj", "{7614E289-B8AC-4700-9CDA-CFBA97129420}"
EndProject
Global
	GlobalSection(SolutionConfigurationPlatforms) = preSolution
		Debug|Any CPU = Debug|Any CPU
		Release|Any CPU = Release|Any CPU
	EndGlobalSection
	GlobalSection(ProjectConfigurationPlatforms) = postSolution
		{7614E289-B8AC-4700-9CDA-CFBA97129420}.Debug|Any CPU.ActiveCfg = Debug|Any CPU
		{7614E289-B8AC-4700-9CDA-CFBA97129420}.Debug|Any CPU.Build.0 = Debug|Any CPU
		{7614E289-B8AC-4700-9CDA-CFBA97129420}.Release|Any CPU.ActiveCfg = Release|Any CPU
		{7614E289-B8AC-4700-9CDA-CFBA97129420}.Release|Any CPU.Build.0 = Release|Any CPU
	EndGlobalSection
	GlobalSection(SolutionProperties) = preSolution
		HideSolutionNode = FALSE
	EndGlobalSection
	GlobalSection(ExtensibilityGlobals) = postSolution
		SolutionGuid = {B6FAEC56-7BDE-48DF-B239-0F48F0A36D71}
	EndGlobalSection
EndGlobal
